// !$*UTF8*$!
{
	archiveVersion = 1;
	classes = {
	};
	objectVersion = 48;
	objects = {

/* Begin PBXBuildFile section */
		6277EBDA1FCFEACC0027CD93 /* AlertView.swift in Sources */ = {isa = PBXBuildFile; fileRef = 6277EBD91FCFEACC0027CD93 /* AlertView.swift */; };
		6277EBDC1FCFF3A80027CD93 /* SCNVector3.swift in Sources */ = {isa = PBXBuildFile; fileRef = 6277EBDB1FCFF3A80027CD93 /* SCNVector3.swift */; };
		62DD34141FCEA2AB00B792AF /* AppDelegate.swift in Sources */ = {isa = PBXBuildFile; fileRef = 62DD34131FCEA2AB00B792AF /* AppDelegate.swift */; };
		62DD34161FCEA2AB00B792AF /* art.scnassets in Resources */ = {isa = PBXBuildFile; fileRef = 62DD34151FCEA2AB00B792AF /* art.scnassets */; };
		62DD34181FCEA2AB00B792AF /* ViewController.swift in Sources */ = {isa = PBXBuildFile; fileRef = 62DD34171FCEA2AB00B792AF /* ViewController.swift */; };
		62DD341B1FCEA2AB00B792AF /* Main.storyboard in Resources */ = {isa = PBXBuildFile; fileRef = 62DD34191FCEA2AB00B792AF /* Main.storyboard */; };
		62DD341D1FCEA2AB00B792AF /* Assets.xcassets in Resources */ = {isa = PBXBuildFile; fileRef = 62DD341C1FCEA2AB00B792AF /* Assets.xcassets */; };
		62DD34201FCEA2AB00B792AF /* LaunchScreen.storyboard in Resources */ = {isa = PBXBuildFile; fileRef = 62DD341E1FCEA2AB00B792AF /* LaunchScreen.storyboard */; };
/* End PBXBuildFile section */

/* Begin PBXFileReference section */
		6277EBD91FCFEACC0027CD93 /* AlertView.swift */ = {isa = PBXFileReference; lastKnownFileType = sourcecode.swift; path = AlertView.swift; sourceTree = "<group>"; };
		6277EBDB1FCFF3A80027CD93 /* SCNVector3.swift */ = {isa = PBXFileReference; lastKnownFileType = sourcecode.swift; path = SCNVector3.swift; sourceTree = "<group>"; };
		62DD34101FCEA2AB00B792AF /* MagicHat.app */ = {isa = PBXFileReference; explicitFileType = wrapper.application; includeInIndex = 0; path = MagicHat.app; sourceTree = BUILT_PRODUCTS_DIR; };
		62DD34131FCEA2AB00B792AF /* AppDelegate.swift */ = {isa = PBXFileReference; lastKnownFileType = sourcecode.swift; path = AppDelegate.swift; sourceTree = "<group>"; };
		62DD34151FCEA2AB00B792AF /* art.scnassets */ = {isa = PBXFileReference; lastKnownFileType = wrapper.scnassets; path = art.scnassets; sourceTree = "<group>"; };
		62DD34171FCEA2AB00B792AF /* ViewController.swift */ = {isa = PBXFileReference; lastKnownFileType = sourcecode.swift; path = ViewController.swift; sourceTree = "<group>"; };
		62DD341A1FCEA2AB00B792AF /* Base */ = {isa = PBXFileReference; lastKnownFileType = file.storyboard; name = Base; path = Base.lproj/Main.storyboard; sourceTree = "<group>"; };
		62DD341C1FCEA2AB00B792AF /* Assets.xcassets */ = {isa = PBXFileReference; lastKnownFileType = folder.assetcatalog; path = Assets.xcassets; sourceTree = "<group>"; };
		62DD341F1FCEA2AB00B792AF /* Base */ = {isa = PBXFileReference; lastKnownFileType = file.storyboard; name = Base; path = Base.lproj/LaunchScreen.storyboard; sourceTree = "<group>"; };
		62DD34211FCEA2AB00B792AF /* Info.plist */ = {isa = PBXFileReference; lastKnownFileType = text.plist.xml; path = Info.plist; sourceTree = "<group>"; };
/* End PBXFileReference section */

/* Begin PBXFrameworksBuildPhase section */
		62DD340D1FCEA2AB00B792AF /* Frameworks */ = {
			isa = PBXFrameworksBuildPhase;
			buildActionMask = 2147483647;
			files = (
			);
			runOnlyForDeploymentPostprocessing = 0;
		};
/* End PBXFrameworksBuildPhase section */

/* Begin PBXGroup section */
		62DD34071FCEA2AB00B792AF = {
			isa = PBXGroup;
			children = (
				62DD34121FCEA2AB00B792AF /* MagicHat */,
				62DD34111FCEA2AB00B792AF /* Products */,
			);
			sourceTree = "<group>";
		};
		62DD34111FCEA2AB00B792AF /* Products */ = {
			isa = PBXGroup;
			children = (
				62DD34101FCEA2AB00B792AF /* MagicHat.app */,
			);
			name = Products;
			sourceTree = "<group>";
		};
		62DD34121FCEA2AB00B792AF /* MagicHat */ = {
			isa = PBXGroup;
			children = (
				62DD34131FCEA2AB00B792AF /* AppDelegate.swift */,
				62DD34171FCEA2AB00B792AF /* ViewController.swift */,
				6277EBD91FCFEACC0027CD93 /* AlertView.swift */,
				6277EBDB1FCFF3A80027CD93 /* SCNVector3.swift */,
				62DD34191FCEA2AB00B792AF /* Main.storyboard */,
				62DD341E1FCEA2AB00B792AF /* LaunchScreen.storyboard */,
				62DD341C1FCEA2AB00B792AF /* Assets.xcassets */,
				62DD34151FCEA2AB00B792AF /* art.scnassets */,
				62DD34211FCEA2AB00B792AF /* Info.plist */,
			);
			path = MagicHat;
			sourceTree = "<group>";
		};
/* End PBXGroup section */

/* Begin PBXNativeTarget section */
		62DD340F1FCEA2AB00B792AF /* MagicHat */ = {
			isa = PBXNativeTarget;
			buildConfigurationList = 62DD34241FCEA2AB00B792AF /* Build configuration list for PBXNativeTarget "MagicHat" */;
			buildPhases = (
				62DD340C1FCEA2AB00B792AF /* Sources */,
				62DD340D1FCEA2AB00B792AF /* Frameworks */,
				62DD340E1FCEA2AB00B792AF /* Resources */,
			);
			buildRules = (
			);
			dependencies = (
			);
			name = MagicHat;
			productName = MagicHat;
			productReference = 62DD34101FCEA2AB00B792AF /* MagicHat.app */;
			productType = "com.apple.product-type.application";
		};
/* End PBXNativeTarget section */

/* Begin PBXProject section */
		62DD34081FCEA2AB00B792AF /* Project object */ = {
			isa = PBXProject;
			attributes = {
				LastSwiftUpdateCheck = 0910;
				LastUpgradeCheck = 0910;
				ORGANIZATIONNAME = "Jennifer Liu";
				TargetAttributes = {
					62DD340F1FCEA2AB00B792AF = {
						CreatedOnToolsVersion = 9.1;
						ProvisioningStyle = Automatic;
					};
				};
			};
			buildConfigurationList = 62DD340B1FCEA2AB00B792AF /* Build configuration list for PBXProject "MagicHat" */;
			compatibilityVersion = "Xcode 8.0";
			developmentRegion = en;
			hasScannedForEncodings = 0;
			knownRegions = (
				en,
				Base,
			);
			mainGroup = 62DD34071FCEA2AB00B792AF;
			productRefGroup = 62DD34111FCEA2AB00B792AF /* Products */;
			projectDirPath = "";
			projectRoot = "";
			targets = (
				62DD340F1FCEA2AB00B792AF /* MagicHat */,
			);
		};
/* End PBXProject section */

/* Begin PBXResourcesBuildPhase section */
		62DD340E1FCEA2AB00B792AF /* Resources */ = {
			isa = PBXResourcesBuildPhase;
			buildActionMask = 2147483647;
			files = (
				62DD34161FCEA2AB00B792AF /* art.scnassets in Resources */,
				62DD34201FCEA2AB00B792AF /* LaunchScreen.storyboard in Resources */,
				62DD341D1FCEA2AB00B792AF /* Assets.xcassets in Resources */,
				62DD341B1FCEA2AB00B792AF /* Main.storyboard in Resources */,
			);
			runOnlyForDeploymentPostprocessing = 0;
		};
/* End PBXResourcesBuildPhase section */

/* Begin PBXSourcesBuildPhase section */
		62DD340C1FCEA2AB00B792AF /* Sources */ = {
			isa = PBXSourcesBuildPhase;
			buildActionMask = 2147483647;
			files = (
				62DD34181FCEA2AB00B792AF /* ViewController.swift in Sources */,
				62DD34141FCEA2AB00B792AF /* AppDelegate.swift in Sources */,
				6277EBDC1FCFF3A80027CD93 /* SCNVector3.swift in Sources */,
				6277EBDA1FCFEACC0027CD93 /* AlertView.swift in Sources */,
			);
			runOnlyForDeploymentPostprocessing = 0;
		};
/* End PBXSourcesBuildPhase section */

/* Begin PBXVariantGroup section */
		62DD34191FCEA2AB00B792AF /* Main.storyboard */ = {
			isa = PBXVariantGroup;
			children = (
				62DD341A1FCEA2AB00B792AF /* Base */,
			);
			name = Main.storyboard;
			sourceTree = "<group>";
		};
		62DD341E1FCEA2AB00B792AF /* LaunchScreen.storyboard */ = {
			isa = PBXVariantGroup;
			children = (
				62DD341F1FCEA2AB00B792AF /* Base */,
			);
			name = LaunchScreen.storyboard;
			sourceTree = "<group>";
		};
/* End PBXVariantGroup section */

/* Begin XCBuildConfiguration section */
		62DD34221FCEA2AB00B792AF /* Debug */ = {
			isa = XCBuildConfiguration;
			buildSettings = {
				ALWAYS_SEARCH_USER_PATHS = NO;
				CLANG_ANALYZER_NONNULL = YES;
				CLANG_ANALYZER_NUMBER_OBJECT_CONVERSION = YES_AGGRESSIVE;
				CLANG_CXX_LANGUAGE_STANDARD = "gnu++14";
				CLANG_CXX_LIBRARY = "libc++";
				CLANG_ENABLE_MODULES = YES;
				CLANG_ENABLE_OBJC_ARC = YES;
				CLANG_WARN_BLOCK_CAPTURE_AUTORELEASING = YES;
				CLANG_WARN_BOOL_CONVERSION = YES;
				CLANG_WARN_COMMA = YES;
				CLANG_WARN_CONSTANT_CONVERSION = YES;
				CLANG_WARN_DIRECT_OBJC_ISA_USAGE = YES_ERROR;
				CLANG_WARN_DOCUMENTATION_COMMENTS = YES;
				CLANG_WARN_EMPTY_BODY = YES;
				CLANG_WARN_ENUM_CONVERSION = YES;
				CLANG_WARN_INFINITE_RECURSION = YES;
				CLANG_WARN_INT_CONVERSION = YES;
				CLANG_WARN_NON_LITERAL_NULL_CONVERSION = YES;
				CLANG_WARN_OBJC_LITERAL_CONVERSION = YES;
				CLANG_WARN_OBJC_ROOT_CLASS = YES_ERROR;
				CLANG_WARN_RANGE_LOOP_ANALYSIS = YES;
				CLANG_WARN_STRICT_PROTOTYPES = YES;
				CLANG_WARN_SUSPICIOUS_MOVE = YES;
				CLANG_WARN_UNGUARDED_AVAILABILITY = YES_AGGRESSIVE;
				CLANG_WARN_UNREACHABLE_CODE = YES;
				CLANG_WARN__DUPLICATE_METHOD_MATCH = YES;
				CODE_SIGN_IDENTITY = "iPhone Developer";
				COPY_PHASE_STRIP = NO;
				DEBUG_INFORMATION_FORMAT = dwarf;
				ENABLE_STRICT_OBJC_MSGSEND = YES;
				ENABLE_TESTABILITY = YES;
				GCC_C_LANGUAGE_STANDARD = gnu11;
				GCC_DYNAMIC_NO_PIC = NO;
				GCC_NO_COMMON_BLOCKS = YES;
				GCC_OPTIMIZATION_LEVEL = 0;
				GCC_PREPROCESSOR_DEFINITIONS = (
					"DEBUG=1",
					"$(inherited)",
				);
				GCC_WARN_64_TO_32_BIT_CONVERSION = YES;
				GCC_WARN_ABOUT_RETURN_TYPE = YES_ERROR;
				GCC_WARN_UNDECLARED_SELECTOR = YES;
				GCC_WARN_UNINITIALIZED_AUTOS = YES_AGGRESSIVE;
				GCC_WARN_UNUSED_FUNCTION = YES;
				GCC_WARN_UNUSED_VARIABLE = YES;
				IPHONEOS_DEPLOYMENT_TARGET = 11.1;
				MTL_ENABLE_DEBUG_INFO = YES;
				ONLY_ACTIVE_ARCH = YES;
				SDKROOT = iphoneos;
				SWIFT_ACTIVE_COMPILATION_CONDITIONS = DEBUG;
				SWIFT_OPTIMIZATION_LEVEL = "-Onone";
			};
			name = Debug;
		};
		62DD34231FCEA2AB00B792AF /* Release */ = {
			isa = XCBuildConfiguration;
			buildSettings = {
				ALWAYS_SEARCH_USER_PATHS = NO;
				CLANG_ANALYZER_NONNULL = YES;
				CLANG_ANALYZER_NUMBER_OBJECT_CONVERSION = YES_AGGRESSIVE;
				CLANG_CXX_LANGUAGE_STANDARD = "gnu++14";
				CLANG_CXX_LIBRARY = "libc++";
				CLANG_ENABLE_MODULES = YES;
				CLANG_ENABLE_OBJC_ARC = YES;
				CLANG_WARN_BLOCK_CAPTURE_AUTORELEASING = YES;
				CLANG_WARN_BOOL_CONVERSION = YES;
				CLANG_WARN_COMMA = YES;
				CLANG_WARN_CONSTANT_CONVERSION = YES;
				CLANG_WARN_DIRECT_OBJC_ISA_USAGE = YES_ERROR;
				CLANG_WARN_DOCUMENTATION_COMMENTS = YES;
				CLANG_WARN_EMPTY_BODY = YES;
				CLANG_WARN_ENUM_CONVERSION = YES;
				CLANG_WARN_INFINITE_RECURSION = YES;
				CLANG_WARN_INT_CONVERSION = YES;
				CLANG_WARN_NON_LITERAL_NULL_CONVERSION = YES;
				CLANG_WARN_OBJC_LITERAL_CONVERSION = YES;
				CLANG_WARN_OBJC_ROOT_CLASS = YES_ERROR;
				CLANG_WARN_RANGE_LOOP_ANALYSIS = YES;
				CLANG_WARN_STRICT_PROTOTYPES = YES;
				CLANG_WARN_SUSPICIOUS_MOVE = YES;
				CLANG_WARN_UNGUARDED_AVAILABILITY = YES_AGGRESSIVE;
				CLANG_WARN_UNREACHABLE_CODE = YES;
				CLANG_WARN__DUPLICATE_METHOD_MATCH = YES;
				CODE_SIGN_IDENTITY = "iPhone Developer";
				COPY_PHASE_STRIP = NO;
				DEBUG_INFORMATION_FORMAT = "dwarf-with-dsym";
				ENABLE_NS_ASSERTIONS = NO;
				ENABLE_STRICT_OBJC_MSGSEND = YES;
				GCC_C_LANGUAGE_STANDARD = gnu11;
				GCC_NO_COMMON_BLOCKS = YES;
				GCC_WARN_64_TO_32_BIT_CONVERSION = YES;
				GCC_WARN_ABOUT_RETURN_TYPE = YES_ERROR;
				GCC_WARN_UNDECLARED_SELECTOR = YES;
				GCC_WARN_UNINITIALIZED_AUTOS = YES_AGGRESSIVE;
				GCC_WARN_UNUSED_FUNCTION = YES;
				GCC_WARN_UNUSED_VARIABLE = YES;
				IPHONEOS_DEPLOYMENT_TARGET = 11.1;
				MTL_ENABLE_DEBUG_INFO = NO;
				SDKROOT = iphoneos;
				SWIFT_OPTIMIZATION_LEVEL = "-Owholemodule";
				VALIDATE_PRODUCT = YES;
			};
			name = Release;
		};
		62DD34251FCEA2AB00B792AF /* Debug */ = {
			isa = XCBuildConfiguration;
			buildSettings = {
				ASSETCATALOG_COMPILER_APPICON_NAME = AppIcon;
				CODE_SIGN_STYLE = Automatic;
				DEVELOPMENT_TEAM = 3EV99W99UA;
				INFOPLIST_FILE = MagicHat/Info.plist;
				LD_RUNPATH_SEARCH_PATHS = "$(inherited) @executable_path/Frameworks";
				PRODUCT_BUNDLE_IDENTIFIER = com.jenniferliu.MagicHat;
				PRODUCT_NAME = "$(TARGET_NAME)";
				SWIFT_VERSION = 4.0;
				TARGETED_DEVICE_FAMILY = "1,2";
			};
			name = Debug;
		};
		62DD34261FCEA2AB00B792AF /* Release */ = {
			isa = XCBuildConfiguration;
			buildSettings = {
				ASSETCATALOG_COMPILER_APPICON_NAME = AppIcon;
				CODE_SIGN_STYLE = Automatic;
				DEVELOPMENT_TEAM = 3EV99W99UA;
				INFOPLIST_FILE = MagicHat/Info.plist;
				LD_RUNPATH_SEARCH_PATHS = "$(inherited) @executable_path/Frameworks";
				PRODUCT_BUNDLE_IDENTIFIER = com.jenniferliu.MagicHat;
				PRODUCT_NAME = "$(TARGET_NAME)";
				SWIFT_VERSION = 4.0;
				TARGETED_DEVICE_FAMILY = "1,2";
			};
			name = Release;
		};
/* End XCBuildConfiguration section */

/* Begin XCConfigurationList section */
		62DD340B1FCEA2AB00B792AF /* Build configuration list for PBXProject "MagicHat" */ = {
			isa = XCConfigurationList;
			buildConfigurations = (
				62DD34221FCEA2AB00B792AF /* Debug */,
				62DD34231FCEA2AB00B792AF /* Release */,
			);
			defaultConfigurationIsVisible = 0;
			defaultConfigurationName = Release;
		};
		62DD34241FCEA2AB00B792AF /* Build configuration list for PBXNativeTarget "MagicHat" */ = {
			isa = XCConfigurationList;
			buildConfigurations = (
				62DD34251FCEA2AB00B792AF /* Debug */,
				62DD34261FCEA2AB00B792AF /* Release */,
			);
			defaultConfigurationIsVisible = 0;
			defaultConfigurationName = Release;
		};
/* End XCConfigurationList section */
	};
	rootObject = 62DD34081FCEA2AB00B792AF /* Project object */;
}
